
Microsoft Visual Studio Solution File, Format Version 12.00
# Visual Studio 15
VisualStudioVersion = 15.0.26124.0
MinimumVisualStudioVersion = 15.0.26124.0
Project("{FAE04EC0-301F-11D3-BF4B-00C04F79EFBC}") = "ReactiveMarbles.PlatformSchedulers", "ReactiveMarbles.PlatformSchedulers\ReactiveMarbles.PlatformSchedulers.csproj", "{3322F2F0-FC2D-417E-BC15-AAC8263653BD}"
EndProject
Project("{2150E333-8FDC-42A3-9474-1A3956D46DE8}") = "Solution Items", "Solution Items", "{B4F60D86-55D4-4173-B36D-1AF11AD2C109}"
ProjectSection(SolutionItems) = preProject
	Directory.build.targets = Directory.build.targets
	Directory.Build.props = Directory.Build.props
	analyzers.ruleset = analyzers.ruleset
	global.json = global.json
	stylecop.json = stylecop.json
	..\azure-pipelines.yml = ..\azure-pipelines.yml
EndProjectSection
EndProject
Project("{FAE04EC0-301F-11D3-BF4B-00C04F79EFBC}") = "ReactiveMarbles.PlatformSchedulers.Tests.Mac", "ReactiveMarbles.PlatformSchedulers.Tests.Mac\ReactiveMarbles.PlatformSchedulers.Tests.Mac.csproj", "{52957AEB-9F92-4112-B04C-3FEA0FA5A230}"
EndProject
Global
	GlobalSection(SolutionConfigurationPlatforms) = preSolution
		Debug|Any CPU = Debug|Any CPU
		Debug|x64 = Debug|x64
		Debug|x86 = Debug|x86
		Release|Any CPU = Release|Any CPU
		Release|x64 = Release|x64
		Release|x86 = Release|x86
	EndGlobalSection
	GlobalSection(SolutionProperties) = preSolution
		HideSolutionNode = FALSE
	EndGlobalSection
	GlobalSection(ProjectConfigurationPlatforms) = postSolution
		{3322F2F0-FC2D-417E-BC15-AAC8263653BD}.Debug|Any CPU.ActiveCfg = Debug|Any CPU
		{3322F2F0-FC2D-417E-BC15-AAC8263653BD}.Debug|Any CPU.Build.0 = Debug|Any CPU
		{3322F2F0-FC2D-417E-BC15-AAC8263653BD}.Debug|x64.ActiveCfg = Debug|Any CPU
		{3322F2F0-FC2D-417E-BC15-AAC8263653BD}.Debug|x64.Build.0 = Debug|Any CPU
		{3322F2F0-FC2D-417E-BC15-AAC8263653BD}.Debug|x86.ActiveCfg = Debug|Any CPU
		{3322F2F0-FC2D-417E-BC15-AAC8263653BD}.Debug|x86.Build.0 = Debug|Any CPU
		{3322F2F0-FC2D-417E-BC15-AAC8263653BD}.Release|Any CPU.ActiveCfg = Release|Any CPU
		{3322F2F0-FC2D-417E-BC15-AAC8263653BD}.Release|Any CPU.Build.0 = Release|Any CPU
		{3322F2F0-FC2D-417E-BC15-AAC8263653BD}.Release|x64.ActiveCfg = Release|Any CPU
		{3322F2F0-FC2D-417E-BC15-AAC8263653BD}.Release|x64.Build.0 = Release|Any CPU
		{3322F2F0-FC2D-417E-BC15-AAC8263653BD}.Release|x86.ActiveCfg = Release|Any CPU
		{3322F2F0-FC2D-417E-BC15-AAC8263653BD}.Release|x86.Build.0 = Release|Any CPU
		{52957AEB-9F92-4112-B04C-3FEA0FA5A230}.Debug|Any CPU.ActiveCfg = Debug|Any CPU
		{52957AEB-9F92-4112-B04C-3FEA0FA5A230}.Debug|Any CPU.Build.0 = Debug|Any CPU
		{52957AEB-9F92-4112-B04C-3FEA0FA5A230}.Debug|x64.ActiveCfg = Debug|Any CPU
		{52957AEB-9F92-4112-B04C-3FEA0FA5A230}.Debug|x64.Build.0 = Debug|Any CPU
		{52957AEB-9F92-4112-B04C-3FEA0FA5A230}.Debug|x86.ActiveCfg = Debug|Any CPU
		{52957AEB-9F92-4112-B04C-3FEA0FA5A230}.Debug|x86.Build.0 = Debug|Any CPU
		{52957AEB-9F92-4112-B04C-3FEA0FA5A230}.Release|Any CPU.ActiveCfg = Release|Any CPU
		{52957AEB-9F92-4112-B04C-3FEA0FA5A230}.Release|Any CPU.Build.0 = Release|Any CPU
		{52957AEB-9F92-4112-B04C-3FEA0FA5A230}.Release|x64.ActiveCfg = Release|Any CPU
		{52957AEB-9F92-4112-B04C-3FEA0FA5A230}.Release|x64.Build.0 = Release|Any CPU
		{52957AEB-9F92-4112-B04C-3FEA0FA5A230}.Release|x86.ActiveCfg = Release|Any CPU
		{52957AEB-9F92-4112-B04C-3FEA0FA5A230}.Release|x86.Build.0 = Release|Any CPU
	EndGlobalSection
EndGlobal
